// !$*UTF8*$!
{
	archiveVersion = 1;
	classes = {
	};
	objectVersion = 50;
	objects = {

/* Begin PBXBuildFile section */
		2A217DB5246F8365006BEFB5 /* AppDelegate.swift in Sources */ = {isa = PBXBuildFile; fileRef = 2A217DB4246F8365006BEFB5 /* AppDelegate.swift */; };
		2A217DB7246F8365006BEFB5 /* SceneDelegate.swift in Sources */ = {isa = PBXBuildFile; fileRef = 2A217DB6246F8365006BEFB5 /* SceneDelegate.swift */; };
		2A217DB9246F8365006BEFB5 /* ContentView.swift in Sources */ = {isa = PBXBuildFile; fileRef = 2A217DB8246F8365006BEFB5 /* ContentView.swift */; };
		2A217DBB246F8369006BEFB5 /* Assets.xcassets in Resources */ = {isa = PBXBuildFile; fileRef = 2A217DBA246F8369006BEFB5 /* Assets.xcassets */; };
		2A217DBE246F8369006BEFB5 /* Preview Assets.xcassets in Resources */ = {isa = PBXBuildFile; fileRef = 2A217DBD246F8369006BEFB5 /* Preview Assets.xcassets */; };
		2A217DC1246F8369006BEFB5 /* LaunchScreen.storyboard in Resources */ = {isa = PBXBuildFile; fileRef = 2A217DBF246F8369006BEFB5 /* LaunchScreen.storyboard */; };
		2A217DC9247034B0006BEFB5 /* MenuView.swift in Sources */ = {isa = PBXBuildFile; fileRef = 2A217DC8247034B0006BEFB5 /* MenuView.swift */; };
		2A217DCB2470D632006BEFB5 /* Home.swift in Sources */ = {isa = PBXBuildFile; fileRef = 2A217DCA2470D632006BEFB5 /* Home.swift */; };
		2A217DCD2470E9F3006BEFB5 /* HomeView.swift in Sources */ = {isa = PBXBuildFile; fileRef = 2A217DCC2470E9F3006BEFB5 /* HomeView.swift */; };
		2A217DCF24713B6F006BEFB5 /* UpdateList.swift in Sources */ = {isa = PBXBuildFile; fileRef = 2A217DCE24713B6F006BEFB5 /* UpdateList.swift */; };
/* End PBXBuildFile section */

/* Begin PBXFileReference section */
		2A217DB1246F8365006BEFB5 /* DesingCode.app */ = {isa = PBXFileReference; explicitFileType = wrapper.application; includeInIndex = 0; path = DesingCode.app; sourceTree = BUILT_PRODUCTS_DIR; };
		2A217DB4246F8365006BEFB5 /* AppDelegate.swift */ = {isa = PBXFileReference; lastKnownFileType = sourcecode.swift; path = AppDelegate.swift; sourceTree = "<group>"; };
		2A217DB6246F8365006BEFB5 /* SceneDelegate.swift */ = {isa = PBXFileReference; lastKnownFileType = sourcecode.swift; path = SceneDelegate.swift; sourceTree = "<group>"; };
		2A217DB8246F8365006BEFB5 /* ContentView.swift */ = {isa = PBXFileReference; lastKnownFileType = sourcecode.swift; path = ContentView.swift; sourceTree = "<group>"; };
		2A217DBA246F8369006BEFB5 /* Assets.xcassets */ = {isa = PBXFileReference; lastKnownFileType = folder.assetcatalog; path = Assets.xcassets; sourceTree = "<group>"; };
		2A217DBD246F8369006BEFB5 /* Preview Assets.xcassets */ = {isa = PBXFileReference; lastKnownFileType = folder.assetcatalog; path = "Preview Assets.xcassets"; sourceTree = "<group>"; };
		2A217DC0246F8369006BEFB5 /* Base */ = {isa = PBXFileReference; lastKnownFileType = file.storyboard; name = Base; path = Base.lproj/LaunchScreen.storyboard; sourceTree = "<group>"; };
		2A217DC2246F8369006BEFB5 /* Info.plist */ = {isa = PBXFileReference; lastKnownFileType = text.plist.xml; path = Info.plist; sourceTree = "<group>"; };
		2A217DC8247034B0006BEFB5 /* MenuView.swift */ = {isa = PBXFileReference; lastKnownFileType = sourcecode.swift; path = MenuView.swift; sourceTree = "<group>"; };
		2A217DCA2470D632006BEFB5 /* Home.swift */ = {isa = PBXFileReference; lastKnownFileType = sourcecode.swift; path = Home.swift; sourceTree = "<group>"; };
		2A217DCC2470E9F3006BEFB5 /* HomeView.swift */ = {isa = PBXFileReference; lastKnownFileType = sourcecode.swift; path = HomeView.swift; sourceTree = "<group>"; };
		2A217DCE24713B6F006BEFB5 /* UpdateList.swift */ = {isa = PBXFileReference; lastKnownFileType = sourcecode.swift; path = UpdateList.swift; sourceTree = "<group>"; };
/* End PBXFileReference section */

/* Begin PBXFrameworksBuildPhase section */
		2A217DAE246F8365006BEFB5 /* Frameworks */ = {
			isa = PBXFrameworksBuildPhase;
			buildActionMask = 2147483647;
			files = (
			);
			runOnlyForDeploymentPostprocessing = 0;
		};
/* End PBXFrameworksBuildPhase section */

/* Begin PBXGroup section */
		2A217DA8246F8365006BEFB5 = {
			isa = PBXGroup;
			children = (
				2A217DB3246F8365006BEFB5 /* DesingCode */,
				2A217DB2246F8365006BEFB5 /* Products */,
			);
			sourceTree = "<group>";
		};
		2A217DB2246F8365006BEFB5 /* Products */ = {
			isa = PBXGroup;
			children = (
				2A217DB1246F8365006BEFB5 /* DesingCode.app */,
			);
			name = Products;
			sourceTree = "<group>";
		};
		2A217DB3246F8365006BEFB5 /* DesingCode */ = {
			isa = PBXGroup;
			children = (
				2A217DB4246F8365006BEFB5 /* AppDelegate.swift */,
				2A217DB6246F8365006BEFB5 /* SceneDelegate.swift */,
				2A217DB8246F8365006BEFB5 /* ContentView.swift */,
				2A217DC8247034B0006BEFB5 /* MenuView.swift */,
				2A217DCC2470E9F3006BEFB5 /* HomeView.swift */,
				2A217DCE24713B6F006BEFB5 /* UpdateList.swift */,
				2A217DCA2470D632006BEFB5 /* Home.swift */,
				2A217DBA246F8369006BEFB5 /* Assets.xcassets */,
				2A217DBF246F8369006BEFB5 /* LaunchScreen.storyboard */,
				2A217DC2246F8369006BEFB5 /* Info.plist */,
				2A217DBC246F8369006BEFB5 /* Preview Content */,
			);
			path = DesingCode;
			sourceTree = "<group>";
		};
		2A217DBC246F8369006BEFB5 /* Preview Content */ = {
			isa = PBXGroup;
			children = (
				2A217DBD246F8369006BEFB5 /* Preview Assets.xcassets */,
			);
			path = "Preview Content";
			sourceTree = "<group>";
		};
/* End PBXGroup section */

/* Begin PBXNativeTarget section */
		2A217DB0246F8365006BEFB5 /* DesingCode */ = {
			isa = PBXNativeTarget;
			buildConfigurationList = 2A217DC5246F8369006BEFB5 /* Build configuration list for PBXNativeTarget "DesingCode" */;
			buildPhases = (
				2A217DAD246F8365006BEFB5 /* Sources */,
				2A217DAE246F8365006BEFB5 /* Frameworks */,
				2A217DAF246F8365006BEFB5 /* Resources */,
			);
			buildRules = (
			);
			dependencies = (
			);
			name = DesingCode;
			productName = DesingCode;
			productReference = 2A217DB1246F8365006BEFB5 /* DesingCode.app */;
			productType = "com.apple.product-type.application";
		};
/* End PBXNativeTarget section */

/* Begin PBXProject section */
		2A217DA9246F8365006BEFB5 /* Project object */ = {
			isa = PBXProject;
			attributes = {
				LastSwiftUpdateCheck = 1140;
				LastUpgradeCheck = 1140;
				ORGANIZATIONNAME = ryo;
				TargetAttributes = {
					2A217DB0246F8365006BEFB5 = {
						CreatedOnToolsVersion = 11.4.1;
					};
				};
			};
			buildConfigurationList = 2A217DAC246F8365006BEFB5 /* Build configuration list for PBXProject "DesingCode" */;
			compatibilityVersion = "Xcode 9.3";
			developmentRegion = en;
			hasScannedForEncodings = 0;
			knownRegions = (
				en,
				Base,
			);
			mainGroup = 2A217DA8246F8365006BEFB5;
			productRefGroup = 2A217DB2246F8365006BEFB5 /* Products */;
			projectDirPath = "";
			projectRoot = "";
			targets = (
				2A217DB0246F8365006BEFB5 /* DesingCode */,
			);
		};
/* End PBXProject section */

/* Begin PBXResourcesBuildPhase section */
		2A217DAF246F8365006BEFB5 /* Resources */ = {
			isa = PBXResourcesBuildPhase;
			buildActionMask = 2147483647;
			files = (
				2A217DC1246F8369006BEFB5 /* LaunchScreen.storyboard in Resources */,
				2A217DBE246F8369006BEFB5 /* Preview Assets.xcassets in Resources */,
				2A217DBB246F8369006BEFB5 /* Assets.xcassets in Resources */,
			);
			runOnlyForDeploymentPostprocessing = 0;
		};
/* End PBXResourcesBuildPhase section */

/* Begin PBXSourcesBuildPhase section */
		2A217DAD246F8365006BEFB5 /* Sources */ = {
			isa = PBXSourcesBuildPhase;
			buildActionMask = 2147483647;
			files = (
				2A217DB5246F8365006BEFB5 /* AppDelegate.swift in Sources */,
				2A217DCF24713B6F006BEFB5 /* UpdateList.swift in Sources */,
				2A217DC9247034B0006BEFB5 /* MenuView.swift in Sources */,
				2A217DCB2470D632006BEFB5 /* Home.swift in Sources */,
				2A217DCD2470E9F3006BEFB5 /* HomeView.swift in Sources */,
				2A217DB7246F8365006BEFB5 /* SceneDelegate.swift in Sources */,
				2A217DB9246F8365006BEFB5 /* ContentView.swift in Sources */,
			);
			runOnlyForDeploymentPostprocessing = 0;
		};
/* End PBXSourcesBuildPhase section */

/* Begin PBXVariantGroup section */
		2A217DBF246F8369006BEFB5 /* LaunchScreen.storyboard */ = {
			isa = PBXVariantGroup;
			children = (
				2A217DC0246F8369006BEFB5 /* Base */,
			);
			name = LaunchScreen.storyboard;
			sourceTree = "<group>";
		};
/* End PBXVariantGroup section */

/* Begin XCBuildConfiguration section */
		2A217DC3246F8369006BEFB5 /* Debug */ = {
			isa = XCBuildConfiguration;
			buildSettings = {
				ALWAYS_SEARCH_USER_PATHS = NO;
				CLANG_ANALYZER_NONNULL = YES;
				CLANG_ANALYZER_NUMBER_OBJECT_CONVERSION = YES_AGGRESSIVE;
				CLANG_CXX_LANGUAGE_STANDARD = "gnu++14";
				CLANG_CXX_LIBRARY = "libc++";
				CLANG_ENABLE_MODULES = YES;
				CLANG_ENABLE_OBJC_ARC = YES;
				CLANG_ENABLE_OBJC_WEAK = YES;
				CLANG_WARN_BLOCK_CAPTURE_AUTORELEASING = YES;
				CLANG_WARN_BOOL_CONVERSION = YES;
				CLANG_WARN_COMMA = YES;
				CLANG_WARN_CONSTANT_CONVERSION = YES;
				CLANG_WARN_DEPRECATED_OBJC_IMPLEMENTATIONS = YES;
				CLANG_WARN_DIRECT_OBJC_ISA_USAGE = YES_ERROR;
				CLANG_WARN_DOCUMENTATION_COMMENTS = YES;
				CLANG_WARN_EMPTY_BODY = YES;
				CLANG_WARN_ENUM_CONVERSION = YES;
				CLANG_WARN_INFINITE_RECURSION = YES;
				CLANG_WARN_INT_CONVERSION = YES;
				CLANG_WARN_NON_LITERAL_NULL_CONVERSION = YES;
				CLANG_WARN_OBJC_IMPLICIT_RETAIN_SELF = YES;
				CLANG_WARN_OBJC_LITERAL_CONVERSION = YES;
				CLANG_WARN_OBJC_ROOT_CLASS = YES_ERROR;
				CLANG_WARN_RANGE_LOOP_ANALYSIS = YES;
				CLANG_WARN_STRICT_PROTOTYPES = YES;
				CLANG_WARN_SUSPICIOUS_MOVE = YES;
				CLANG_WARN_UNGUARDED_AVAILABILITY = YES_AGGRESSIVE;
				CLANG_WARN_UNREACHABLE_CODE = YES;
				CLANG_WARN__DUPLICATE_METHOD_MATCH = YES;
				COPY_PHASE_STRIP = NO;
				DEBUG_INFORMATION_FORMAT = dwarf;
				ENABLE_STRICT_OBJC_MSGSEND = YES;
				ENABLE_TESTABILITY = YES;
				GCC_C_LANGUAGE_STANDARD = gnu11;
				GCC_DYNAMIC_NO_PIC = NO;
				GCC_NO_COMMON_BLOCKS = YES;
				GCC_OPTIMIZATION_LEVEL = 0;
				GCC_PREPROCESSOR_DEFINITIONS = (
					"DEBUG=1",
					"$(inherited)",
				);
				GCC_WARN_64_TO_32_BIT_CONVERSION = YES;
				GCC_WARN_ABOUT_RETURN_TYPE = YES_ERROR;
				GCC_WARN_UNDECLARED_SELECTOR = YES;
				GCC_WARN_UNINITIALIZED_AUTOS = YES_AGGRESSIVE;
				GCC_WARN_UNUSED_FUNCTION = YES;
				GCC_WARN_UNUSED_VARIABLE = YES;
				IPHONEOS_DEPLOYMENT_TARGET = 13.4;
				MTL_ENABLE_DEBUG_INFO = INCLUDE_SOURCE;
				MTL_FAST_MATH = YES;
				ONLY_ACTIVE_ARCH = YES;
				SDKROOT = iphoneos;
				SWIFT_ACTIVE_COMPILATION_CONDITIONS = DEBUG;
				SWIFT_OPTIMIZATION_LEVEL = "-Onone";
			};
			name = Debug;
		};
		2A217DC4246F8369006BEFB5 /* Release */ = {
			isa = XCBuildConfiguration;
			buildSettings = {
				ALWAYS_SEARCH_USER_PATHS = NO;
				CLANG_ANALYZER_NONNULL = YES;
				CLANG_ANALYZER_NUMBER_OBJECT_CONVERSION = YES_AGGRESSIVE;
				CLANG_CXX_LANGUAGE_STANDARD = "gnu++14";
				CLANG_CXX_LIBRARY = "libc++";
				CLANG_ENABLE_MODULES = YES;
				CLANG_ENABLE_OBJC_ARC = YES;
				CLANG_ENABLE_OBJC_WEAK = YES;
				CLANG_WARN_BLOCK_CAPTURE_AUTORELEASING = YES;
				CLANG_WARN_BOOL_CONVERSION = YES;
				CLANG_WARN_COMMA = YES;
				CLANG_WARN_CONSTANT_CONVERSION = YES;
				CLANG_WARN_DEPRECATED_OBJC_IMPLEMENTATIONS = YES;
				CLANG_WARN_DIRECT_OBJC_ISA_USAGE = YES_ERROR;
				CLANG_WARN_DOCUMENTATION_COMMENTS = YES;
				CLANG_WARN_EMPTY_BODY = YES;
				CLANG_WARN_ENUM_CONVERSION = YES;
				CLANG_WARN_INFINITE_RECURSION = YES;
				CLANG_WARN_INT_CONVERSION = YES;
				CLANG_WARN_NON_LITERAL_NULL_CONVERSION = YES;
				CLANG_WARN_OBJC_IMPLICIT_RETAIN_SELF = YES;
				CLANG_WARN_OBJC_LITERAL_CONVERSION = YES;
				CLANG_WARN_OBJC_ROOT_CLASS = YES_ERROR;
				CLANG_WARN_RANGE_LOOP_ANALYSIS = YES;
				CLANG_WARN_STRICT_PROTOTYPES = YES;
				CLANG_WARN_SUSPICIOUS_MOVE = YES;
				CLANG_WARN_UNGUARDED_AVAILABILITY = YES_AGGRESSIVE;
				CLANG_WARN_UNREACHABLE_CODE = YES;
				CLANG_WARN__DUPLICATE_METHOD_MATCH = YES;
				COPY_PHASE_STRIP = NO;
				DEBUG_INFORMATION_FORMAT = "dwarf-with-dsym";
				ENABLE_NS_ASSERTIONS = NO;
				ENABLE_STRICT_OBJC_MSGSEND = YES;
				GCC_C_LANGUAGE_STANDARD = gnu11;
				GCC_NO_COMMON_BLOCKS = YES;
				GCC_WARN_64_TO_32_BIT_CONVERSION = YES;
				GCC_WARN_ABOUT_RETURN_TYPE = YES_ERROR;
				GCC_WARN_UNDECLARED_SELECTOR = YES;
				GCC_WARN_UNINITIALIZED_AUTOS = YES_AGGRESSIVE;
				GCC_WARN_UNUSED_FUNCTION = YES;
				GCC_WARN_UNUSED_VARIABLE = YES;
				IPHONEOS_DEPLOYMENT_TARGET = 13.4;
				MTL_ENABLE_DEBUG_INFO = NO;
				MTL_FAST_MATH = YES;
				SDKROOT = iphoneos;
				SWIFT_COMPILATION_MODE = wholemodule;
				SWIFT_OPTIMIZATION_LEVEL = "-O";
				VALIDATE_PRODUCT = YES;
			};
			name = Release;
		};
		2A217DC6246F8369006BEFB5 /* Debug */ = {
			isa = XCBuildConfiguration;
			buildSettings = {
				ASSETCATALOG_COMPILER_APPICON_NAME = AppIcon;
				CODE_SIGN_STYLE = Automatic;
				DEVELOPMENT_ASSET_PATHS = "\"DesingCode/Preview Content\"";
				DEVELOPMENT_TEAM = 3Y78577PH3;
				ENABLE_PREVIEWS = YES;
				INFOPLIST_FILE = DesingCode/Info.plist;
				LD_RUNPATH_SEARCH_PATHS = (
					"$(inherited)",
					"@executable_path/Frameworks",
				);
				PRODUCT_BUNDLE_IDENTIFIER = com.ryo.DesingCode;
				PRODUCT_NAME = "$(TARGET_NAME)";
				SWIFT_VERSION = 5.0;
				TARGETED_DEVICE_FAMILY = "1,2";
			};
			name = Debug;
		};
		2A217DC7246F8369006BEFB5 /* Release */ = {
			isa = XCBuildConfiguration;
			buildSettings = {
				ASSETCATALOG_COMPILER_APPICON_NAME = AppIcon;
				CODE_SIGN_STYLE = Automatic;
				DEVELOPMENT_ASSET_PATHS = "\"DesingCode/Preview Content\"";
				DEVELOPMENT_TEAM = 3Y78577PH3;
				ENABLE_PREVIEWS = YES;
				INFOPLIST_FILE = DesingCode/Info.plist;
				LD_RUNPATH_SEARCH_PATHS = (
					"$(inherited)",
					"@executable_path/Frameworks",
				);
				PRODUCT_BUNDLE_IDENTIFIER = com.ryo.DesingCode;
				PRODUCT_NAME = "$(TARGET_NAME)";
				SWIFT_VERSION = 5.0;
				TARGETED_DEVICE_FAMILY = "1,2";
			};
			name = Release;
		};
/* End XCBuildConfiguration section */

/* Begin XCConfigurationList section */
		2A217DAC246F8365006BEFB5 /* Build configuration list for PBXProject "DesingCode" */ = {
			isa = XCConfigurationList;
			buildConfigurations = (
				2A217DC3246F8369006BEFB5 /* Debug */,
				2A217DC4246F8369006BEFB5 /* Release */,
			);
			defaultConfigurationIsVisible = 0;
			defaultConfigurationName = Release;
		};
		2A217DC5246F8369006BEFB5 /* Build configuration list for PBXNativeTarget "DesingCode" */ = {
			isa = XCConfigurationList;
			buildConfigurations = (
				2A217DC6246F8369006BEFB5 /* Debug */,
				2A217DC7246F8369006BEFB5 /* Release */,
			);
			defaultConfigurationIsVisible = 0;
			defaultConfigurationName = Release;
		};
/* End XCConfigurationList section */
	};
	rootObject = 2A217DA9246F8365006BEFB5 /* Project object */;
}
